
Microsoft Visual Studio Solution File, Format Version 12.00
# Visual Studio Version 16
VisualStudioVersion = 16.0.30225.117
MinimumVisualStudioVersion = 10.0.40219.1
Project("{888888A0-9F3D-457C-B088-3A5042F75D52}") = "ObjectRecognitionAttempt", "ObjectRecognitionAttempt\ObjectRecognitionAttempt.pyproj", "{463350BD-E195-4968-A509-ACA582D3BDEF}"
EndProject
Global
	GlobalSection(SolutionConfigurationPlatforms) = preSolution
		Debug|Any CPU = Debug|Any CPU
		Release|Any CPU = Release|Any CPU
	EndGlobalSection
	GlobalSection(ProjectConfigurationPlatforms) = postSolution
		{463350BD-E195-4968-A509-ACA582D3BDEF}.Debug|Any CPU.ActiveCfg = Debug|Any CPU
		{463350BD-E195-4968-A509-ACA582D3BDEF}.Release|Any CPU.ActiveCfg = Release|Any CPU
	EndGlobalSection
	GlobalSection(SolutionProperties) = preSolution
		HideSolutionNode = FALSE
	EndGlobalSection
	GlobalSection(ExtensibilityGlobals) = postSolution
		SolutionGuid = {B5DFC791-C274-42EA-AA8E-039128863643}
	EndGlobalSection
EndGlobal
